
Microsoft Visual Studio Solution File, Format Version 12.00
# Visual Studio Version 17
VisualStudioVersion = 17.10.34916.146
MinimumVisualStudioVersion = 10.0.40219.1
Project("{FAE04EC0-301F-11D3-BF4B-00C04F79EFBC}") = "PzenaAssessment", "PzenaAssessment.csproj", "{0FF83DC5-CABB-41D7-A980-3324011C0FE5}"
EndProject
Global
	GlobalSection(SolutionConfigurationPlatforms) = preSolution
		Debug|Any CPU = Debug|Any CPU
		Release|Any CPU = Release|Any CPU
	EndGlobalSection
	GlobalSection(ProjectConfigurationPlatforms) = postSolution
		{0FF83DC5-CABB-41D7-A980-3324011C0FE5}.Debug|Any CPU.ActiveCfg = Debug|Any CPU
		{0FF83DC5-CABB-41D7-A980-3324011C0FE5}.Debug|Any CPU.Build.0 = Debug|Any CPU
		{0FF83DC5-CABB-41D7-A980-3324011C0FE5}.Release|Any CPU.ActiveCfg = Release|Any CPU
		{0FF83DC5-CABB-41D7-A980-3324011C0FE5}.Release|Any CPU.Build.0 = Release|Any CPU
	EndGlobalSection
	GlobalSection(SolutionProperties) = preSolution
		HideSolutionNode = FALSE
	EndGlobalSection
	GlobalSection(ExtensibilityGlobals) = postSolution
		SolutionGuid = {6C94E154-A34A-40F0-B63D-245D316E3F48}
	EndGlobalSection
EndGlobal
